
Microsoft Visual Studio Solution File, Format Version 12.00
# Visual Studio 2013
VisualStudioVersion = 12.0.30501.0
MinimumVisualStudioVersion = 10.0.40219.1
Project("{FAE04EC0-301F-11D3-BF4B-00C04F79EFBC}") = "PWManager", "PWManager\PWManager.csproj", "{52D5412E-8FFA-48E4-BEA6-AB13F542432B}"
EndProject
Project("{2150E333-8FDC-42A3-9474-1A3956D46DE8}") = ".nuget", ".nuget", "{2568CBC9-4050-42FF-905E-5223716C8A4F}"
	ProjectSection(SolutionItems) = preProject
		.nuget\NuGet.Config = .nuget\NuGet.Config
		.nuget\NuGet.exe = .nuget\NuGet.exe
		.nuget\NuGet.targets = .nuget\NuGet.targets
	EndProjectSection
EndProject
Project("{6141683F-8A12-4E36-9623-2EB02B2C2303}") = "PWManagerInstaller", "PWManagerInstaller\PWManagerInstaller.isproj", "{8912F69B-C074-4554-9656-A228A3DE129A}"
EndProject
Global
	GlobalSection(SolutionConfigurationPlatforms) = preSolution
		CD_ROM|Any CPU = CD_ROM|Any CPU
		Debug|Any CPU = Debug|Any CPU
		DVD-5|Any CPU = DVD-5|Any CPU
		Release|Any CPU = Release|Any CPU
		SingleImage|Any CPU = SingleImage|Any CPU
	EndGlobalSection
	GlobalSection(ProjectConfigurationPlatforms) = postSolution
		{52D5412E-8FFA-48E4-BEA6-AB13F542432B}.CD_ROM|Any CPU.ActiveCfg = Release|Any CPU
		{52D5412E-8FFA-48E4-BEA6-AB13F542432B}.CD_ROM|Any CPU.Build.0 = Release|Any CPU
		{52D5412E-8FFA-48E4-BEA6-AB13F542432B}.Debug|Any CPU.ActiveCfg = Debug|Any CPU
		{52D5412E-8FFA-48E4-BEA6-AB13F542432B}.Debug|Any CPU.Build.0 = Debug|Any CPU
		{52D5412E-8FFA-48E4-BEA6-AB13F542432B}.DVD-5|Any CPU.ActiveCfg = Debug|Any CPU
		{52D5412E-8FFA-48E4-BEA6-AB13F542432B}.DVD-5|Any CPU.Build.0 = Debug|Any CPU
		{52D5412E-8FFA-48E4-BEA6-AB13F542432B}.Release|Any CPU.ActiveCfg = Release|Any CPU
		{52D5412E-8FFA-48E4-BEA6-AB13F542432B}.Release|Any CPU.Build.0 = Release|Any CPU
		{52D5412E-8FFA-48E4-BEA6-AB13F542432B}.SingleImage|Any CPU.ActiveCfg = Release|Any CPU
		{52D5412E-8FFA-48E4-BEA6-AB13F542432B}.SingleImage|Any CPU.Build.0 = Release|Any CPU
		{8912F69B-C074-4554-9656-A228A3DE129A}.CD_ROM|Any CPU.ActiveCfg = CD_ROM
		{8912F69B-C074-4554-9656-A228A3DE129A}.CD_ROM|Any CPU.Build.0 = CD_ROM
		{8912F69B-C074-4554-9656-A228A3DE129A}.Debug|Any CPU.ActiveCfg = DVD-5
		{8912F69B-C074-4554-9656-A228A3DE129A}.Debug|Any CPU.Build.0 = DVD-5
		{8912F69B-C074-4554-9656-A228A3DE129A}.DVD-5|Any CPU.ActiveCfg = DVD-5
		{8912F69B-C074-4554-9656-A228A3DE129A}.DVD-5|Any CPU.Build.0 = DVD-5
		{8912F69B-C074-4554-9656-A228A3DE129A}.Release|Any CPU.ActiveCfg = SingleImage
		{8912F69B-C074-4554-9656-A228A3DE129A}.Release|Any CPU.Build.0 = SingleImage
		{8912F69B-C074-4554-9656-A228A3DE129A}.SingleImage|Any CPU.ActiveCfg = SingleImage
		{8912F69B-C074-4554-9656-A228A3DE129A}.SingleImage|Any CPU.Build.0 = SingleImage
	EndGlobalSection
	GlobalSection(SolutionProperties) = preSolution
		HideSolutionNode = FALSE
	EndGlobalSection
EndGlobal
